
Microsoft Visual Studio Solution File, Format Version 12.00
# Visual Studio 15
VisualStudioVersion = 15.0.26020.0
MinimumVisualStudioVersion = 10.0.40219.1
Project("{FAE04EC0-301F-11D3-BF4B-00C04F79EFBC}") = "PrimeiroProjeto.Droid", "PrimeiroProjeto.Droid\PrimeiroProjeto.Droid.csproj", "{AD4D8FEE-3BCF-4FF1-9A6A-704C8B9FA121}"
EndProject
Project("{FAE04EC0-301F-11D3-BF4B-00C04F79EFBC}") = "PrimeiroProjeto", "PrimeiroProjeto\PrimeiroProjeto.csproj", "{3AB70E23-F68D-4D6D-8536-85747B0FD61B}"
EndProject
Project("{FAE04EC0-301F-11D3-BF4B-00C04F79EFBC}") = "PrimeiroProjeto.UWP", "PrimeiroProjeto.UWP\PrimeiroProjeto.UWP.csproj", "{377AF1B0-920D-4441-B56D-6404290FF4B6}"
EndProject
Project("{FAE04EC0-301F-11D3-BF4B-00C04F79EFBC}") = "PrimeiroProjeto.iOS", "PrimeiroProjeto.iOS\PrimeiroProjeto.iOS.csproj", "{B9CDAC74-6415-4A96-A70C-023641D7921A}"
EndProject
Global
	GlobalSection(SolutionConfigurationPlatforms) = preSolution
		Ad-Hoc|Any CPU = Ad-Hoc|Any CPU
		Ad-Hoc|ARM = Ad-Hoc|ARM
		Ad-Hoc|iPhone = Ad-Hoc|iPhone
		Ad-Hoc|iPhoneSimulator = Ad-Hoc|iPhoneSimulator
		Ad-Hoc|x64 = Ad-Hoc|x64
		Ad-Hoc|x86 = Ad-Hoc|x86
		AppStore|Any CPU = AppStore|Any CPU
		AppStore|ARM = AppStore|ARM
		AppStore|iPhone = AppStore|iPhone
		AppStore|iPhoneSimulator = AppStore|iPhoneSimulator
		AppStore|x64 = AppStore|x64
		AppStore|x86 = AppStore|x86
		Debug|Any CPU = Debug|Any CPU
		Debug|ARM = Debug|ARM
		Debug|iPhone = Debug|iPhone
		Debug|iPhoneSimulator = Debug|iPhoneSimulator
		Debug|x64 = Debug|x64
		Debug|x86 = Debug|x86
		Release|Any CPU = Release|Any CPU
		Release|ARM = Release|ARM
		Release|iPhone = Release|iPhone
		Release|iPhoneSimulator = Release|iPhoneSimulator
		Release|x64 = Release|x64
		Release|x86 = Release|x86
	EndGlobalSection
	GlobalSection(ProjectConfigurationPlatforms) = postSolution
		{AD4D8FEE-3BCF-4FF1-9A6A-704C8B9FA121}.Ad-Hoc|Any CPU.ActiveCfg = Release|Any CPU
		{AD4D8FEE-3BCF-4FF1-9A6A-704C8B9FA121}.Ad-Hoc|Any CPU.Build.0 = Release|Any CPU
		{AD4D8FEE-3BCF-4FF1-9A6A-704C8B9FA121}.Ad-Hoc|Any CPU.Deploy.0 = Release|Any CPU
		{AD4D8FEE-3BCF-4FF1-9A6A-704C8B9FA121}.Ad-Hoc|ARM.ActiveCfg = Release|Any CPU
		{AD4D8FEE-3BCF-4FF1-9A6A-704C8B9FA121}.Ad-Hoc|ARM.Build.0 = Release|Any CPU
		{AD4D8FEE-3BCF-4FF1-9A6A-704C8B9FA121}.Ad-Hoc|ARM.Deploy.0 = Release|Any CPU
		{AD4D8FEE-3BCF-4FF1-9A6A-704C8B9FA121}.Ad-Hoc|iPhone.ActiveCfg = Release|Any CPU
		{AD4D8FEE-3BCF-4FF1-9A6A-704C8B9FA121}.Ad-Hoc|iPhone.Build.0 = Release|Any CPU
		{AD4D8FEE-3BCF-4FF1-9A6A-704C8B9FA121}.Ad-Hoc|iPhone.Deploy.0 = Release|Any CPU
		{AD4D8FEE-3BCF-4FF1-9A6A-704C8B9FA121}.Ad-Hoc|iPhoneSimulator.ActiveCfg = Release|Any CPU
		{AD4D8FEE-3BCF-4FF1-9A6A-704C8B9FA121}.Ad-Hoc|iPhoneSimulator.Build.0 = Release|Any CPU
		{AD4D8FEE-3BCF-4FF1-9A6A-704C8B9FA121}.Ad-Hoc|iPhoneSimulator.Deploy.0 = Release|Any CPU
		{AD4D8FEE-3BCF-4FF1-9A6A-704C8B9FA121}.Ad-Hoc|x64.ActiveCfg = Release|Any CPU
		{AD4D8FEE-3BCF-4FF1-9A6A-704C8B9FA121}.Ad-Hoc|x64.Build.0 = Release|Any CPU
		{AD4D8FEE-3BCF-4FF1-9A6A-704C8B9FA121}.Ad-Hoc|x64.Deploy.0 = Release|Any CPU
		{AD4D8FEE-3BCF-4FF1-9A6A-704C8B9FA121}.Ad-Hoc|x86.ActiveCfg = Release|Any CPU
		{AD4D8FEE-3BCF-4FF1-9A6A-704C8B9FA121}.Ad-Hoc|x86.Build.0 = Release|Any CPU
		{AD4D8FEE-3BCF-4FF1-9A6A-704C8B9FA121}.Ad-Hoc|x86.Deploy.0 = Release|Any CPU
		{AD4D8FEE-3BCF-4FF1-9A6A-704C8B9FA121}.AppStore|Any CPU.ActiveCfg = Release|Any CPU
		{AD4D8FEE-3BCF-4FF1-9A6A-704C8B9FA121}.AppStore|Any CPU.Build.0 = Release|Any CPU
		{AD4D8FEE-3BCF-4FF1-9A6A-704C8B9FA121}.AppStore|Any CPU.Deploy.0 = Release|Any CPU
		{AD4D8FEE-3BCF-4FF1-9A6A-704C8B9FA121}.AppStore|ARM.ActiveCfg = Release|Any CPU
		{AD4D8FEE-3BCF-4FF1-9A6A-704C8B9FA121}.AppStore|ARM.Build.0 = Release|Any CPU
		{AD4D8FEE-3BCF-4FF1-9A6A-704C8B9FA121}.AppStore|ARM.Deploy.0 = Release|Any CPU
		{AD4D8FEE-3BCF-4FF1-9A6A-704C8B9FA121}.AppStore|iPhone.ActiveCfg = Release|Any CPU
		{AD4D8FEE-3BCF-4FF1-9A6A-704C8B9FA121}.AppStore|iPhone.Build.0 = Release|Any CPU
		{AD4D8FEE-3BCF-4FF1-9A6A-704C8B9FA121}.AppStore|iPhone.Deploy.0 = Release|Any CPU
		{AD4D8FEE-3BCF-4FF1-9A6A-704C8B9FA121}.AppStore|iPhoneSimulator.ActiveCfg = Release|Any CPU
		{AD4D8FEE-3BCF-4FF1-9A6A-704C8B9FA121}.AppStore|iPhoneSimulator.Build.0 = Release|Any CPU
		{AD4D8FEE-3BCF-4FF1-9A6A-704C8B9FA121}.AppStore|iPhoneSimulator.Deploy.0 = Release|Any CPU
		{AD4D8FEE-3BCF-4FF1-9A6A-704C8B9FA121}.AppStore|x64.ActiveCfg = Release|Any CPU
		{AD4D8FEE-3BCF-4FF1-9A6A-704C8B9FA121}.AppStore|x64.Build.0 = Release|Any CPU
		{AD4D8FEE-3BCF-4FF1-9A6A-704C8B9FA121}.AppStore|x64.Deploy.0 = Release|Any CPU
		{AD4D8FEE-3BCF-4FF1-9A6A-704C8B9FA121}.AppStore|x86.ActiveCfg = Release|Any CPU
		{AD4D8FEE-3BCF-4FF1-9A6A-704C8B9FA121}.AppStore|x86.Build.0 = Release|Any CPU
		{AD4D8FEE-3BCF-4FF1-9A6A-704C8B9FA121}.AppStore|x86.Deploy.0 = Release|Any CPU
		{AD4D8FEE-3BCF-4FF1-9A6A-704C8B9FA121}.Debug|Any CPU.ActiveCfg = Debug|Any CPU
		{AD4D8FEE-3BCF-4FF1-9A6A-704C8B9FA121}.Debug|Any CPU.Build.0 = Debug|Any CPU
		{AD4D8FEE-3BCF-4FF1-9A6A-704C8B9FA121}.Debug|Any CPU.Deploy.0 = Debug|Any CPU
		{AD4D8FEE-3BCF-4FF1-9A6A-704C8B9FA121}.Debug|ARM.ActiveCfg = Debug|Any CPU
		{AD4D8FEE-3BCF-4FF1-9A6A-704C8B9FA121}.Debug|ARM.Build.0 = Debug|Any CPU
		{AD4D8FEE-3BCF-4FF1-9A6A-704C8B9FA121}.Debug|ARM.Deploy.0 = Debug|Any CPU
		{AD4D8FEE-3BCF-4FF1-9A6A-704C8B9FA121}.Debug|iPhone.ActiveCfg = Debug|Any CPU
		{AD4D8FEE-3BCF-4FF1-9A6A-704C8B9FA121}.Debug|iPhone.Build.0 = Debug|Any CPU
		{AD4D8FEE-3BCF-4FF1-9A6A-704C8B9FA121}.Debug|iPhone.Deploy.0 = Debug|Any CPU
		{AD4D8FEE-3BCF-4FF1-9A6A-704C8B9FA121}.Debug|iPhoneSimulator.ActiveCfg = Debug|Any CPU
		{AD4D8FEE-3BCF-4FF1-9A6A-704C8B9FA121}.Debug|iPhoneSimulator.Build.0 = Debug|Any CPU
		{AD4D8FEE-3BCF-4FF1-9A6A-704C8B9FA121}.Debug|iPhoneSimulator.Deploy.0 = Debug|Any CPU
		{AD4D8FEE-3BCF-4FF1-9A6A-704C8B9FA121}.Debug|x64.ActiveCfg = Debug|Any CPU
		{AD4D8FEE-3BCF-4FF1-9A6A-704C8B9FA121}.Debug|x64.Build.0 = Debug|Any CPU
		{AD4D8FEE-3BCF-4FF1-9A6A-704C8B9FA121}.Debug|x64.Deploy.0 = Debug|Any CPU
		{AD4D8FEE-3BCF-4FF1-9A6A-704C8B9FA121}.Debug|x86.ActiveCfg = Debug|Any CPU
		{AD4D8FEE-3BCF-4FF1-9A6A-704C8B9FA121}.Debug|x86.Build.0 = Debug|Any CPU
		{AD4D8FEE-3BCF-4FF1-9A6A-704C8B9FA121}.Debug|x86.Deploy.0 = Debug|Any CPU
		{AD4D8FEE-3BCF-4FF1-9A6A-704C8B9FA121}.Release|Any CPU.ActiveCfg = Release|Any CPU
		{AD4D8FEE-3BCF-4FF1-9A6A-704C8B9FA121}.Release|Any CPU.Build.0 = Release|Any CPU
		{AD4D8FEE-3BCF-4FF1-9A6A-704C8B9FA121}.Release|Any CPU.Deploy.0 = Release|Any CPU
		{AD4D8FEE-3BCF-4FF1-9A6A-704C8B9FA121}.Release|ARM.ActiveCfg = Release|Any CPU
		{AD4D8FEE-3BCF-4FF1-9A6A-704C8B9FA121}.Release|ARM.Build.0 = Release|Any CPU
		{AD4D8FEE-3BCF-4FF1-9A6A-704C8B9FA121}.Release|ARM.Deploy.0 = Release|Any CPU
		{AD4D8FEE-3BCF-4FF1-9A6A-704C8B9FA121}.Release|iPhone.ActiveCfg = Release|Any CPU
		{AD4D8FEE-3BCF-4FF1-9A6A-704C8B9FA121}.Release|iPhone.Build.0 = Release|Any CPU
		{AD4D8FEE-3BCF-4FF1-9A6A-704C8B9FA121}.Release|iPhone.Deploy.0 = Release|Any CPU
		{AD4D8FEE-3BCF-4FF1-9A6A-704C8B9FA121}.Release|iPhoneSimulator.ActiveCfg = Release|Any CPU
		{AD4D8FEE-3BCF-4FF1-9A6A-704C8B9FA121}.Release|iPhoneSimulator.Build.0 = Release|Any CPU
		{AD4D8FEE-3BCF-4FF1-9A6A-704C8B9FA121}.Release|iPhoneSimulator.Deploy.0 = Release|Any CPU
		{AD4D8FEE-3BCF-4FF1-9A6A-704C8B9FA121}.Release|x64.ActiveCfg = Release|Any CPU
		{AD4D8FEE-3BCF-4FF1-9A6A-704C8B9FA121}.Release|x64.Build.0 = Release|Any CPU
		{AD4D8FEE-3BCF-4FF1-9A6A-704C8B9FA121}.Release|x64.Deploy.0 = Release|Any CPU
		{AD4D8FEE-3BCF-4FF1-9A6A-704C8B9FA121}.Release|x86.ActiveCfg = Release|Any CPU
		{AD4D8FEE-3BCF-4FF1-9A6A-704C8B9FA121}.Release|x86.Build.0 = Release|Any CPU
		{AD4D8FEE-3BCF-4FF1-9A6A-704C8B9FA121}.Release|x86.Deploy.0 = Release|Any CPU
		{3AB70E23-F68D-4D6D-8536-85747B0FD61B}.Ad-Hoc|Any CPU.ActiveCfg = Release|Any CPU
		{3AB70E23-F68D-4D6D-8536-85747B0FD61B}.Ad-Hoc|Any CPU.Build.0 = Release|Any CPU
		{3AB70E23-F68D-4D6D-8536-85747B0FD61B}.Ad-Hoc|ARM.ActiveCfg = Release|Any CPU
		{3AB70E23-F68D-4D6D-8536-85747B0FD61B}.Ad-Hoc|ARM.Build.0 = Release|Any CPU
		{3AB70E23-F68D-4D6D-8536-85747B0FD61B}.Ad-Hoc|iPhone.ActiveCfg = Release|Any CPU
		{3AB70E23-F68D-4D6D-8536-85747B0FD61B}.Ad-Hoc|iPhone.Build.0 = Release|Any CPU
		{3AB70E23-F68D-4D6D-8536-85747B0FD61B}.Ad-Hoc|iPhoneSimulator.ActiveCfg = Release|Any CPU
		{3AB70E23-F68D-4D6D-8536-85747B0FD61B}.Ad-Hoc|iPhoneSimulator.Build.0 = Release|Any CPU
		{3AB70E23-F68D-4D6D-8536-85747B0FD61B}.Ad-Hoc|x64.ActiveCfg = Release|Any CPU
		{3AB70E23-F68D-4D6D-8536-85747B0FD61B}.Ad-Hoc|x64.Build.0 = Release|Any CPU
		{3AB70E23-F68D-4D6D-8536-85747B0FD61B}.Ad-Hoc|x86.ActiveCfg = Release|Any CPU
		{3AB70E23-F68D-4D6D-8536-85747B0FD61B}.Ad-Hoc|x86.Build.0 = Release|Any CPU
		{3AB70E23-F68D-4D6D-8536-85747B0FD61B}.AppStore|Any CPU.ActiveCfg = Release|Any CPU
		{3AB70E23-F68D-4D6D-8536-85747B0FD61B}.AppStore|Any CPU.Build.0 = Release|Any CPU
		{3AB70E23-F68D-4D6D-8536-85747B0FD61B}.AppStore|ARM.ActiveCfg = Release|Any CPU
		{3AB70E23-F68D-4D6D-8536-85747B0FD61B}.AppStore|ARM.Build.0 = Release|Any CPU
		{3AB70E23-F68D-4D6D-8536-85747B0FD61B}.AppStore|iPhone.ActiveCfg = Release|Any CPU
		{3AB70E23-F68D-4D6D-8536-85747B0FD61B}.AppStore|iPhone.Build.0 = Release|Any CPU
		{3AB70E23-F68D-4D6D-8536-85747B0FD61B}.AppStore|iPhoneSimulator.ActiveCfg = Release|Any CPU
		{3AB70E23-F68D-4D6D-8536-85747B0FD61B}.AppStore|iPhoneSimulator.Build.0 = Release|Any CPU
		{3AB70E23-F68D-4D6D-8536-85747B0FD61B}.AppStore|x64.ActiveCfg = Release|Any CPU
		{3AB70E23-F68D-4D6D-8536-85747B0FD61B}.AppStore|x64.Build.0 = Release|Any CPU
		{3AB70E23-F68D-4D6D-8536-85747B0FD61B}.AppStore|x86.ActiveCfg = Release|Any CPU
		{3AB70E23-F68D-4D6D-8536-85747B0FD61B}.AppStore|x86.Build.0 = Release|Any CPU
		{3AB70E23-F68D-4D6D-8536-85747B0FD61B}.Debug|Any CPU.ActiveCfg = Debug|Any CPU
		{3AB70E23-F68D-4D6D-8536-85747B0FD61B}.Debug|Any CPU.Build.0 = Debug|Any CPU
		{3AB70E23-F68D-4D6D-8536-85747B0FD61B}.Debug|ARM.ActiveCfg = Debug|Any CPU
		{3AB70E23-F68D-4D6D-8536-85747B0FD61B}.Debug|ARM.Build.0 = Debug|Any CPU
		{3AB70E23-F68D-4D6D-8536-85747B0FD61B}.Debug|iPhone.ActiveCfg = Debug|Any CPU
		{3AB70E23-F68D-4D6D-8536-85747B0FD61B}.Debug|iPhone.Build.0 = Debug|Any CPU
		{3AB70E23-F68D-4D6D-8536-85747B0FD61B}.Debug|iPhoneSimulator.ActiveCfg = Debug|Any CPU
		{3AB70E23-F68D-4D6D-8536-85747B0FD61B}.Debug|iPhoneSimulator.Build.0 = Debug|Any CPU
		{3AB70E23-F68D-4D6D-8536-85747B0FD61B}.Debug|x64.ActiveCfg = Debug|Any CPU
		{3AB70E23-F68D-4D6D-8536-85747B0FD61B}.Debug|x64.Build.0 = Debug|Any CPU
		{3AB70E23-F68D-4D6D-8536-85747B0FD61B}.Debug|x86.ActiveCfg = Debug|Any CPU
		{3AB70E23-F68D-4D6D-8536-85747B0FD61B}.Debug|x86.Build.0 = Debug|Any CPU
		{3AB70E23-F68D-4D6D-8536-85747B0FD61B}.Release|Any CPU.ActiveCfg = Release|Any CPU
		{3AB70E23-F68D-4D6D-8536-85747B0FD61B}.Release|Any CPU.Build.0 = Release|Any CPU
		{3AB70E23-F68D-4D6D-8536-85747B0FD61B}.Release|ARM.ActiveCfg = Release|Any CPU
		{3AB70E23-F68D-4D6D-8536-85747B0FD61B}.Release|ARM.Build.0 = Release|Any CPU
		{3AB70E23-F68D-4D6D-8536-85747B0FD61B}.Release|iPhone.ActiveCfg = Release|Any CPU
		{3AB70E23-F68D-4D6D-8536-85747B0FD61B}.Release|iPhone.Build.0 = Release|Any CPU
		{3AB70E23-F68D-4D6D-8536-85747B0FD61B}.Release|iPhoneSimulator.ActiveCfg = Release|Any CPU
		{3AB70E23-F68D-4D6D-8536-85747B0FD61B}.Release|iPhoneSimulator.Build.0 = Release|Any CPU
		{3AB70E23-F68D-4D6D-8536-85747B0FD61B}.Release|x64.ActiveCfg = Release|Any CPU
		{3AB70E23-F68D-4D6D-8536-85747B0FD61B}.Release|x64.Build.0 = Release|Any CPU
		{3AB70E23-F68D-4D6D-8536-85747B0FD61B}.Release|x86.ActiveCfg = Release|Any CPU
		{3AB70E23-F68D-4D6D-8536-85747B0FD61B}.Release|x86.Build.0 = Release|Any CPU
		{377AF1B0-920D-4441-B56D-6404290FF4B6}.Ad-Hoc|Any CPU.ActiveCfg = Release|x86
		{377AF1B0-920D-4441-B56D-6404290FF4B6}.Ad-Hoc|Any CPU.Build.0 = Release|x86
		{377AF1B0-920D-4441-B56D-6404290FF4B6}.Ad-Hoc|Any CPU.Deploy.0 = Release|x86
		{377AF1B0-920D-4441-B56D-6404290FF4B6}.Ad-Hoc|ARM.ActiveCfg = Release|ARM
		{377AF1B0-920D-4441-B56D-6404290FF4B6}.Ad-Hoc|ARM.Build.0 = Release|ARM
		{377AF1B0-920D-4441-B56D-6404290FF4B6}.Ad-Hoc|ARM.Deploy.0 = Release|ARM
		{377AF1B0-920D-4441-B56D-6404290FF4B6}.Ad-Hoc|iPhone.ActiveCfg = Release|x86
		{377AF1B0-920D-4441-B56D-6404290FF4B6}.Ad-Hoc|iPhone.Build.0 = Release|x86
		{377AF1B0-920D-4441-B56D-6404290FF4B6}.Ad-Hoc|iPhone.Deploy.0 = Release|x86
		{377AF1B0-920D-4441-B56D-6404290FF4B6}.Ad-Hoc|iPhoneSimulator.ActiveCfg = Release|x86
		{377AF1B0-920D-4441-B56D-6404290FF4B6}.Ad-Hoc|iPhoneSimulator.Build.0 = Release|x86
		{377AF1B0-920D-4441-B56D-6404290FF4B6}.Ad-Hoc|iPhoneSimulator.Deploy.0 = Release|x86
		{377AF1B0-920D-4441-B56D-6404290FF4B6}.Ad-Hoc|x64.ActiveCfg = Release|x64
		{377AF1B0-920D-4441-B56D-6404290FF4B6}.Ad-Hoc|x64.Build.0 = Release|x64
		{377AF1B0-920D-4441-B56D-6404290FF4B6}.Ad-Hoc|x64.Deploy.0 = Release|x64
		{377AF1B0-920D-4441-B56D-6404290FF4B6}.Ad-Hoc|x86.ActiveCfg = Release|x86
		{377AF1B0-920D-4441-B56D-6404290FF4B6}.Ad-Hoc|x86.Build.0 = Release|x86
		{377AF1B0-920D-4441-B56D-6404290FF4B6}.Ad-Hoc|x86.Deploy.0 = Release|x86
		{377AF1B0-920D-4441-B56D-6404290FF4B6}.AppStore|Any CPU.ActiveCfg = Release|x86
		{377AF1B0-920D-4441-B56D-6404290FF4B6}.AppStore|Any CPU.Build.0 = Release|x86
		{377AF1B0-920D-4441-B56D-6404290FF4B6}.AppStore|Any CPU.Deploy.0 = Release|x86
		{377AF1B0-920D-4441-B56D-6404290FF4B6}.AppStore|ARM.ActiveCfg = Release|ARM
		{377AF1B0-920D-4441-B56D-6404290FF4B6}.AppStore|ARM.Build.0 = Release|ARM
		{377AF1B0-920D-4441-B56D-6404290FF4B6}.AppStore|ARM.Deploy.0 = Release|ARM
		{377AF1B0-920D-4441-B56D-6404290FF4B6}.AppStore|iPhone.ActiveCfg = Release|x86
		{377AF1B0-920D-4441-B56D-6404290FF4B6}.AppStore|iPhone.Build.0 = Release|x86
		{377AF1B0-920D-4441-B56D-6404290FF4B6}.AppStore|iPhone.Deploy.0 = Release|x86
		{377AF1B0-920D-4441-B56D-6404290FF4B6}.AppStore|iPhoneSimulator.ActiveCfg = Release|x86
		{377AF1B0-920D-4441-B56D-6404290FF4B6}.AppStore|iPhoneSimulator.Build.0 = Release|x86
		{377AF1B0-920D-4441-B56D-6404290FF4B6}.AppStore|iPhoneSimulator.Deploy.0 = Release|x86
		{377AF1B0-920D-4441-B56D-6404290FF4B6}.AppStore|x64.ActiveCfg = Release|x64
		{377AF1B0-920D-4441-B56D-6404290FF4B6}.AppStore|x64.Build.0 = Release|x64
		{377AF1B0-920D-4441-B56D-6404290FF4B6}.AppStore|x64.Deploy.0 = Release|x64
		{377AF1B0-920D-4441-B56D-6404290FF4B6}.AppStore|x86.ActiveCfg = Release|x86
		{377AF1B0-920D-4441-B56D-6404290FF4B6}.AppStore|x86.Build.0 = Release|x86
		{377AF1B0-920D-4441-B56D-6404290FF4B6}.AppStore|x86.Deploy.0 = Release|x86
		{377AF1B0-920D-4441-B56D-6404290FF4B6}.Debug|Any CPU.ActiveCfg = Debug|x86
		{377AF1B0-920D-4441-B56D-6404290FF4B6}.Debug|ARM.ActiveCfg = Debug|ARM
		{377AF1B0-920D-4441-B56D-6404290FF4B6}.Debug|ARM.Build.0 = Debug|ARM
		{377AF1B0-920D-4441-B56D-6404290FF4B6}.Debug|ARM.Deploy.0 = Debug|ARM
		{377AF1B0-920D-4441-B56D-6404290FF4B6}.Debug|iPhone.ActiveCfg = Debug|x86
		{377AF1B0-920D-4441-B56D-6404290FF4B6}.Debug|iPhoneSimulator.ActiveCfg = Debug|x86
		{377AF1B0-920D-4441-B56D-6404290FF4B6}.Debug|x64.ActiveCfg = Debug|x64
		{377AF1B0-920D-4441-B56D-6404290FF4B6}.Debug|x64.Build.0 = Debug|x64
		{377AF1B0-920D-4441-B56D-6404290FF4B6}.Debug|x64.Deploy.0 = Debug|x64
		{377AF1B0-920D-4441-B56D-6404290FF4B6}.Debug|x86.ActiveCfg = Debug|x86
		{377AF1B0-920D-4441-B56D-6404290FF4B6}.Debug|x86.Build.0 = Debug|x86
		{377AF1B0-920D-4441-B56D-6404290FF4B6}.Debug|x86.Deploy.0 = Debug|x86
		{377AF1B0-920D-4441-B56D-6404290FF4B6}.Release|Any CPU.ActiveCfg = Release|x86
		{377AF1B0-920D-4441-B56D-6404290FF4B6}.Release|ARM.ActiveCfg = Release|ARM
		{377AF1B0-920D-4441-B56D-6404290FF4B6}.Release|ARM.Build.0 = Release|ARM
		{377AF1B0-920D-4441-B56D-6404290FF4B6}.Release|ARM.Deploy.0 = Release|ARM
		{377AF1B0-920D-4441-B56D-6404290FF4B6}.Release|iPhone.ActiveCfg = Release|x86
		{377AF1B0-920D-4441-B56D-6404290FF4B6}.Release|iPhoneSimulator.ActiveCfg = Release|x86
		{377AF1B0-920D-4441-B56D-6404290FF4B6}.Release|x64.ActiveCfg = Release|x64
		{377AF1B0-920D-4441-B56D-6404290FF4B6}.Release|x64.Build.0 = Release|x64
		{377AF1B0-920D-4441-B56D-6404290FF4B6}.Release|x64.Deploy.0 = Release|x64
		{377AF1B0-920D-4441-B56D-6404290FF4B6}.Release|x86.ActiveCfg = Release|x86
		{377AF1B0-920D-4441-B56D-6404290FF4B6}.Release|x86.Build.0 = Release|x86
		{377AF1B0-920D-4441-B56D-6404290FF4B6}.Release|x86.Deploy.0 = Release|x86
		{B9CDAC74-6415-4A96-A70C-023641D7921A}.Ad-Hoc|Any CPU.ActiveCfg = Ad-Hoc|iPhone
		{B9CDAC74-6415-4A96-A70C-023641D7921A}.Ad-Hoc|ARM.ActiveCfg = Ad-Hoc|iPhone
		{B9CDAC74-6415-4A96-A70C-023641D7921A}.Ad-Hoc|iPhone.ActiveCfg = Ad-Hoc|iPhone
		{B9CDAC74-6415-4A96-A70C-023641D7921A}.Ad-Hoc|iPhone.Build.0 = Ad-Hoc|iPhone
		{B9CDAC74-6415-4A96-A70C-023641D7921A}.Ad-Hoc|iPhoneSimulator.ActiveCfg = Ad-Hoc|iPhoneSimulator
		{B9CDAC74-6415-4A96-A70C-023641D7921A}.Ad-Hoc|iPhoneSimulator.Build.0 = Ad-Hoc|iPhoneSimulator
		{B9CDAC74-6415-4A96-A70C-023641D7921A}.Ad-Hoc|x64.ActiveCfg = Ad-Hoc|iPhone
		{B9CDAC74-6415-4A96-A70C-023641D7921A}.Ad-Hoc|x86.ActiveCfg = Ad-Hoc|iPhone
		{B9CDAC74-6415-4A96-A70C-023641D7921A}.AppStore|Any CPU.ActiveCfg = AppStore|iPhone
		{B9CDAC74-6415-4A96-A70C-023641D7921A}.AppStore|ARM.ActiveCfg = AppStore|iPhone
		{B9CDAC74-6415-4A96-A70C-023641D7921A}.AppStore|iPhone.ActiveCfg = AppStore|iPhone
		{B9CDAC74-6415-4A96-A70C-023641D7921A}.AppStore|iPhone.Build.0 = AppStore|iPhone
		{B9CDAC74-6415-4A96-A70C-023641D7921A}.AppStore|iPhoneSimulator.ActiveCfg = AppStore|iPhoneSimulator
		{B9CDAC74-6415-4A96-A70C-023641D7921A}.AppStore|iPhoneSimulator.Build.0 = AppStore|iPhoneSimulator
		{B9CDAC74-6415-4A96-A70C-023641D7921A}.AppStore|x64.ActiveCfg = AppStore|iPhone
		{B9CDAC74-6415-4A96-A70C-023641D7921A}.AppStore|x86.ActiveCfg = AppStore|iPhone
		{B9CDAC74-6415-4A96-A70C-023641D7921A}.Debug|Any CPU.ActiveCfg = Debug|iPhone
		{B9CDAC74-6415-4A96-A70C-023641D7921A}.Debug|ARM.ActiveCfg = Debug|iPhone
		{B9CDAC74-6415-4A96-A70C-023641D7921A}.Debug|iPhone.ActiveCfg = Debug|iPhone
		{B9CDAC74-6415-4A96-A70C-023641D7921A}.Debug|iPhone.Build.0 = Debug|iPhone
		{B9CDAC74-6415-4A96-A70C-023641D7921A}.Debug|iPhoneSimulator.ActiveCfg = Debug|iPhoneSimulator
		{B9CDAC74-6415-4A96-A70C-023641D7921A}.Debug|iPhoneSimulator.Build.0 = Debug|iPhoneSimulator
		{B9CDAC74-6415-4A96-A70C-023641D7921A}.Debug|x64.ActiveCfg = Debug|iPhone
		{B9CDAC74-6415-4A96-A70C-023641D7921A}.Debug|x86.ActiveCfg = Debug|iPhone
		{B9CDAC74-6415-4A96-A70C-023641D7921A}.Release|Any CPU.ActiveCfg = Release|iPhone
		{B9CDAC74-6415-4A96-A70C-023641D7921A}.Release|ARM.ActiveCfg = Release|iPhone
		{B9CDAC74-6415-4A96-A70C-023641D7921A}.Release|iPhone.ActiveCfg = Release|iPhone
		{B9CDAC74-6415-4A96-A70C-023641D7921A}.Release|iPhone.Build.0 = Release|iPhone
		{B9CDAC74-6415-4A96-A70C-023641D7921A}.Release|iPhoneSimulator.ActiveCfg = Release|iPhoneSimulator
		{B9CDAC74-6415-4A96-A70C-023641D7921A}.Release|iPhoneSimulator.Build.0 = Release|iPhoneSimulator
		{B9CDAC74-6415-4A96-A70C-023641D7921A}.Release|x64.ActiveCfg = Release|iPhone
		{B9CDAC74-6415-4A96-A70C-023641D7921A}.Release|x86.ActiveCfg = Release|iPhone
	EndGlobalSection
	GlobalSection(SolutionProperties) = preSolution
		HideSolutionNode = FALSE
	EndGlobalSection
EndGlobal
